
Microsoft Visual Studio Solution File, Format Version 12.00
# Visual Studio Version 17
VisualStudioVersion = 17.2.32630.192
MinimumVisualStudioVersion = 10.0.40219.1
Project("{FAE04EC0-301F-11D3-BF4B-00C04F79EFBC}") = "VendigMachine", "VendigMachine\VendigMachine.csproj", "{B29E542C-F72C-42A9-B7FD-2F036AD30A7A}"
EndProject
Global
	GlobalSection(SolutionConfigurationPlatforms) = preSolution
		Debug|Any CPU = Debug|Any CPU
		Release|Any CPU = Release|Any CPU
	EndGlobalSection
	GlobalSection(ProjectConfigurationPlatforms) = postSolution
		{B29E542C-F72C-42A9-B7FD-2F036AD30A7A}.Debug|Any CPU.ActiveCfg = Debug|Any CPU
		{B29E542C-F72C-42A9-B7FD-2F036AD30A7A}.Debug|Any CPU.Build.0 = Debug|Any CPU
		{B29E542C-F72C-42A9-B7FD-2F036AD30A7A}.Release|Any CPU.ActiveCfg = Release|Any CPU
		{B29E542C-F72C-42A9-B7FD-2F036AD30A7A}.Release|Any CPU.Build.0 = Release|Any CPU
	EndGlobalSection
	GlobalSection(SolutionProperties) = preSolution
		HideSolutionNode = FALSE
	EndGlobalSection
	GlobalSection(ExtensibilityGlobals) = postSolution
		SolutionGuid = {DB8C42D5-F107-4BC0-ACA1-BC3A96CC0719}
	EndGlobalSection
EndGlobal
